
Microsoft Visual Studio Solution File, Format Version 12.00
# Visual Studio Version 17
VisualStudioVersion = 17.13.35818.85 d17.13
MinimumVisualStudioVersion = 10.0.40219.1
Project("{FAE04EC0-301F-11D3-BF4B-00C04F79EFBC}") = "EcoSens_API", "EcoSens_API.csproj", "{EFAC2FEE-B62E-4223-9E62-BFC803F7B1B4}"
EndProject
Global
	GlobalSection(SolutionConfigurationPlatforms) = preSolution
		Debug|Any CPU = Debug|Any CPU
		Release|Any CPU = Release|Any CPU
	EndGlobalSection
	GlobalSection(ProjectConfigurationPlatforms) = postSolution
		{EFAC2FEE-B62E-4223-9E62-BFC803F7B1B4}.Debug|Any CPU.ActiveCfg = Debug|Any CPU
		{EFAC2FEE-B62E-4223-9E62-BFC803F7B1B4}.Debug|Any CPU.Build.0 = Debug|Any CPU
		{EFAC2FEE-B62E-4223-9E62-BFC803F7B1B4}.Release|Any CPU.ActiveCfg = Release|Any CPU
		{EFAC2FEE-B62E-4223-9E62-BFC803F7B1B4}.Release|Any CPU.Build.0 = Release|Any CPU
	EndGlobalSection
	GlobalSection(SolutionProperties) = preSolution
		HideSolutionNode = FALSE
	EndGlobalSection
	GlobalSection(ExtensibilityGlobals) = postSolution
		SolutionGuid = {7A3FA6FD-0CD8-456A-94ED-363A0A19D97E}
	EndGlobalSection
EndGlobal
